
Microsoft Visual Studio Solution File, Format Version 12.00
# Visual Studio 14
VisualStudioVersion = 14.0.25123.0
MinimumVisualStudioVersion = 10.0.40219.1
Project("{FAE04EC0-301F-11D3-BF4B-00C04F79EFBC}") = "TimeSheet", "TimeSheet\TimeSheet.csproj", "{18C1C4AC-C7B3-42BA-B258-41C73A1D8E99}"
EndProject
Project("{FAE04EC0-301F-11D3-BF4B-00C04F79EFBC}") = "TimeSheetTests", "TimeSheetTests\TimeSheetTests.csproj", "{0D67AA47-4A34-4AC3-A0AA-7C74503A9A01}"
EndProject
Global
	GlobalSection(SolutionConfigurationPlatforms) = preSolution
		Debug|Any CPU = Debug|Any CPU
		Release|Any CPU = Release|Any CPU
	EndGlobalSection
	GlobalSection(ProjectConfigurationPlatforms) = postSolution
		{18C1C4AC-C7B3-42BA-B258-41C73A1D8E99}.Debug|Any CPU.ActiveCfg = Debug|Any CPU
		{18C1C4AC-C7B3-42BA-B258-41C73A1D8E99}.Debug|Any CPU.Build.0 = Debug|Any CPU
		{18C1C4AC-C7B3-42BA-B258-41C73A1D8E99}.Release|Any CPU.ActiveCfg = Release|Any CPU
		{18C1C4AC-C7B3-42BA-B258-41C73A1D8E99}.Release|Any CPU.Build.0 = Release|Any CPU
		{0D67AA47-4A34-4AC3-A0AA-7C74503A9A01}.Debug|Any CPU.ActiveCfg = Debug|Any CPU
		{0D67AA47-4A34-4AC3-A0AA-7C74503A9A01}.Debug|Any CPU.Build.0 = Debug|Any CPU
		{0D67AA47-4A34-4AC3-A0AA-7C74503A9A01}.Release|Any CPU.ActiveCfg = Release|Any CPU
		{0D67AA47-4A34-4AC3-A0AA-7C74503A9A01}.Release|Any CPU.Build.0 = Release|Any CPU
	EndGlobalSection
	GlobalSection(SolutionProperties) = preSolution
		HideSolutionNode = FALSE
	EndGlobalSection
EndGlobal
